{
  "name": "react-native-responsive-grid",
  "version": "1.0.2",
  "lockfileVersion": 1,
  "requires": true,
  "dependencies": {
    "react-native-responsive-grid-styles": {
      "version": "1.0.0",
      "resolved": "https://registry.npmjs.org/react-native-responsive-grid-styles/-/react-native-responsive-grid-styles-1.0.0.tgz",
      "integrity": "sha512-IkuaJ06AgX6PD10h+Axf6EHV4O57muhJwskDxfixYxq/fopbt7NqIucX/AgRkA3zR2CJR57CUwbMCYtbq2/cSQ=="
    }
  }
}
