{
  "name": "react-native-responsive-grid-system",
  "version": "1.0.3",
  "lockfileVersion": 1,
  "requires": true,
  "dependencies": {
    "react-native-responsive-grid-styles": {
      "version": "1.0.1",
      "resolved": "https://registry.npmjs.org/react-native-responsive-grid-styles/-/react-native-responsive-grid-styles-1.0.1.tgz",
      "integrity": "sha512-EXZc32/Hji8wJYtRF3c8tqonkbuCQyZThEcreuc6D5O3V1111P/3CHaWlXbRg8QC6M8EOLPFjhqXaqXTV1TI9w=="
    }
  }
}
